// !$*UTF8*$!
{
	archiveVersion = 1;
	classes = {
	};
	objectVersion = 60;
	objects = {

/* Begin PBXBuildFile section */
		4F019FA22C114368006E488A /* TabsScreen.swift in Sources */ = {isa = PBXBuildFile; fileRef = 4F019FA12C114368006E488A /* TabsScreen.swift */; };
		4F019FA42C1143BD006E488A /* PlayerWrapper.swift in Sources */ = {isa = PBXBuildFile; fileRef = 4F019FA32C1143BD006E488A /* PlayerWrapper.swift */; };
		4F019FA62C115633006E488A /* GridList.swift in Sources */ = {isa = PBXBuildFile; fileRef = 4F019FA52C115633006E488A /* GridList.swift */; };
		4F019FA92C115789006E488A /* GridListConfiguration.swift in Sources */ = {isa = PBXBuildFile; fileRef = 4F019FA82C115789006E488A /* GridListConfiguration.swift */; };
		4F019FAB2C1182C3006E488A /* GridListButtons.swift in Sources */ = {isa = PBXBuildFile; fileRef = 4F019FAA2C1182C3006E488A /* GridListButtons.swift */; };
		4F04DCB92B74727D006114B3 /* BoomicApp.swift in Sources */ = {isa = PBXBuildFile; fileRef = 4F04DCB82B74727D006114B3 /* BoomicApp.swift */; };
		4F04DCBB2B74727D006114B3 /* ContentView.swift in Sources */ = {isa = PBXBuildFile; fileRef = 4F04DCBA2B74727D006114B3 /* ContentView.swift */; };
		4F04DCBD2B74727E006114B3 /* Assets.xcassets in Resources */ = {isa = PBXBuildFile; fileRef = 4F04DCBC2B74727E006114B3 /* Assets.xcassets */; };
		4F04DCC12B74727E006114B3 /* Preview Assets.xcassets in Resources */ = {isa = PBXBuildFile; fileRef = 4F04DCC02B74727E006114B3 /* Preview Assets.xcassets */; };
		4F04DCCB2B74727F006114B3 /* BoomicTests.swift in Sources */ = {isa = PBXBuildFile; fileRef = 4F04DCCA2B74727F006114B3 /* BoomicTests.swift */; };
		4F04DCD52B74727F006114B3 /* BoomicUITests.swift in Sources */ = {isa = PBXBuildFile; fileRef = 4F04DCD42B74727F006114B3 /* BoomicUITests.swift */; };
		4F04DCD72B74727F006114B3 /* BoomicUITestsLaunchTests.swift in Sources */ = {isa = PBXBuildFile; fileRef = 4F04DCD62B74727F006114B3 /* BoomicUITestsLaunchTests.swift */; };
		4F04DCF92B74B77B006114B3 /* Models in Frameworks */ = {isa = PBXBuildFile; productRef = 4F04DCF82B74B77B006114B3 /* Models */; };
		4F1EBC4A2C17D5A400D0FFBF /* GridListEntry.swift in Sources */ = {isa = PBXBuildFile; fileRef = 4F1EBC492C17D5A300D0FFBF /* GridListEntry.swift */; };
		4F1EBC4C2C17E13500D0FFBF /* SongGrid.swift in Sources */ = {isa = PBXBuildFile; fileRef = 4F1EBC4B2C17E13500D0FFBF /* SongGrid.swift */; };
		4F1EBC4E2C18E11300D0FFBF /* ArtistMenu.swift in Sources */ = {isa = PBXBuildFile; fileRef = 4F1EBC4D2C18E11300D0FFBF /* ArtistMenu.swift */; };
		4F1EBC502C18E25C00D0FFBF /* AlbumMenu.swift in Sources */ = {isa = PBXBuildFile; fileRef = 4F1EBC4F2C18E25C00D0FFBF /* AlbumMenu.swift */; };
		4F1EBC522C19170A00D0FFBF /* SongUpdateSheet.swift in Sources */ = {isa = PBXBuildFile; fileRef = 4F1EBC512C19170A00D0FFBF /* SongUpdateSheet.swift */; };
		4F1EBC552C1A2C4300D0FFBF /* Selector.swift in Sources */ = {isa = PBXBuildFile; fileRef = 4F1EBC542C1A2C4300D0FFBF /* Selector.swift */; };
		4F1EBC572C1A30FE00D0FFBF /* GridListSelectorBar.swift in Sources */ = {isa = PBXBuildFile; fileRef = 4F1EBC562C1A30FE00D0FFBF /* GridListSelectorBar.swift */; };
		4F1EBC592C1A944600D0FFBF /* ShowAllSelections.swift in Sources */ = {isa = PBXBuildFile; fileRef = 4F1EBC582C1A944600D0FFBF /* ShowAllSelections.swift */; };
		4F1EBC5B2C1CAB1600D0FFBF /* AddDetailsScreen.swift in Sources */ = {isa = PBXBuildFile; fileRef = 4F1EBC5A2C1CAB1600D0FFBF /* AddDetailsScreen.swift */; };
		4F539D672BD303BF00E12A40 /* SongMenu.swift in Sources */ = {isa = PBXBuildFile; fileRef = 4F539D662BD303BF00E12A40 /* SongMenu.swift */; };
		4F539D6B2BD4B7E400E12A40 /* SongGoToMenu.swift in Sources */ = {isa = PBXBuildFile; fileRef = 4F539D6A2BD4B7E400E12A40 /* SongGoToMenu.swift */; };
		4F539D6D2BD7288C00E12A40 /* QueueListButton.swift in Sources */ = {isa = PBXBuildFile; fileRef = 4F539D6C2BD7288C00E12A40 /* QueueListButton.swift */; };
		4F6135D02B7AB3CC00AF825C /* Database in Frameworks */ = {isa = PBXBuildFile; productRef = 4F6135CF2B7AB3CC00AF825C /* Database */; };
		4F853B5D2BA75D1100721E59 /* AllArtistsScreen.swift in Sources */ = {isa = PBXBuildFile; fileRef = 4F853B5C2BA75D1100721E59 /* AllArtistsScreen.swift */; };
		4F853B5F2BA7632E00721E59 /* ArtistGrid.swift in Sources */ = {isa = PBXBuildFile; fileRef = 4F853B5E2BA7632E00721E59 /* ArtistGrid.swift */; };
		4F853B612BA7669100721E59 /* PreviewMocks.swift in Sources */ = {isa = PBXBuildFile; fileRef = 4F853B602BA7669100721E59 /* PreviewMocks.swift */; };
		4F853B632BA76AA600721E59 /* ArtistScreen.swift in Sources */ = {isa = PBXBuildFile; fileRef = 4F853B622BA76AA600721E59 /* ArtistScreen.swift */; };
		4F853B682BA7DA3C00721E59 /* LargeButton.swift in Sources */ = {isa = PBXBuildFile; fileRef = 4F853B672BA7DA3C00721E59 /* LargeButton.swift */; };
		4F853B6E2BA80C3D00721E59 /* AllSongsScreen.swift in Sources */ = {isa = PBXBuildFile; fileRef = 4F853B6D2BA80C3D00721E59 /* AllSongsScreen.swift */; };
		4F853B722BA8926500721E59 /* AlbumGrid.swift in Sources */ = {isa = PBXBuildFile; fileRef = 4F853B712BA8926500721E59 /* AlbumGrid.swift */; };
		4F853B782BAA22D100721E59 /* DynamicGrid.swift in Sources */ = {isa = PBXBuildFile; fileRef = 4F853B772BAA22D100721E59 /* DynamicGrid.swift */; };
		4F853B7C2BAE30B400721E59 /* MediaFileKit in Frameworks */ = {isa = PBXBuildFile; productRef = 4F853B7B2BAE30B400721E59 /* MediaFileKit */; };
		4F93BBBF2C0C3FCA0076B4F2 /* Navigator.swift in Sources */ = {isa = PBXBuildFile; fileRef = 4F93BBBE2C0C3FCA0076B4F2 /* Navigator.swift */; };
		4F93BBC22C0FB53E0076B4F2 /* Preferences.swift in Sources */ = {isa = PBXBuildFile; fileRef = 4F93BBC12C0FB53E0076B4F2 /* Preferences.swift */; };
		4F93BBC42C0FC28D0076B4F2 /* Storage in Frameworks */ = {isa = PBXBuildFile; productRef = 4F93BBC32C0FC28D0076B4F2 /* Storage */; };
		4F93BBC72C1021CD0076B4F2 /* AccentColorPicker.swift in Sources */ = {isa = PBXBuildFile; fileRef = 4F93BBC62C1021CD0076B4F2 /* AccentColorPicker.swift */; };
		4F93BBC92C1031A70076B4F2 /* LibraryPanelOrder.swift in Sources */ = {isa = PBXBuildFile; fileRef = 4F93BBC82C1031A70076B4F2 /* LibraryPanelOrder.swift */; };
		4F93BBCB2C1031B60076B4F2 /* TabOrder.swift in Sources */ = {isa = PBXBuildFile; fileRef = 4F93BBCA2C1031B60076B4F2 /* TabOrder.swift */; };
		4F9A33182BD898CA005A2EBD /* AnimatedButton.swift in Sources */ = {isa = PBXBuildFile; fileRef = 4F9A33172BD898CA005A2EBD /* AnimatedButton.swift */; };
		4F9A331A2BDF4FBD005A2EBD /* TransactionsList.swift in Sources */ = {isa = PBXBuildFile; fileRef = 4F9A33192BDF4FBD005A2EBD /* TransactionsList.swift */; };
		4F9FCE8C2C1E79AF0063E65C /* UpdateSheetData.swift in Sources */ = {isa = PBXBuildFile; fileRef = 4F9FCE8B2C1E79AF0063E65C /* UpdateSheetData.swift */; };
		4F9FCE8E2C1E7A230063E65C /* AlbumUpdateSheet.swift in Sources */ = {isa = PBXBuildFile; fileRef = 4F9FCE8D2C1E7A230063E65C /* AlbumUpdateSheet.swift */; };
		4F9FCE902C1E7D010063E65C /* ArtistUpdateSheet.swift in Sources */ = {isa = PBXBuildFile; fileRef = 4F9FCE8F2C1E7D010063E65C /* ArtistUpdateSheet.swift */; };
		4F9FCE922C1F48B80063E65C /* TagPill.swift in Sources */ = {isa = PBXBuildFile; fileRef = 4F9FCE912C1F48B80063E65C /* TagPill.swift */; };
		4F9FCE992C1FF7600063E65C /* TaglistScreen.swift in Sources */ = {isa = PBXBuildFile; fileRef = 4F9FCE982C1FF7600063E65C /* TaglistScreen.swift */; };
		4F9FCE9B2C2079D10063E65C /* WrappingHStack.swift in Sources */ = {isa = PBXBuildFile; fileRef = 4F9FCE9A2C2079D10063E65C /* WrappingHStack.swift */; };
		4FB41E192BA6228600270496 /* LibraryScreen.swift in Sources */ = {isa = PBXBuildFile; fileRef = 4FB41E182BA6228600270496 /* LibraryScreen.swift */; };
		4FB41E1D2BA6247E00270496 /* AllAlbumsScreen.swift in Sources */ = {isa = PBXBuildFile; fileRef = 4FB41E1C2BA6247E00270496 /* AllAlbumsScreen.swift */; };
		4FB41E202BA6289000270496 /* DatabaseMocks in Frameworks */ = {isa = PBXBuildFile; productRef = 4FB41E1F2BA6289000270496 /* DatabaseMocks */; };
		4FB41E222BA6444100270496 /* Environment.swift in Sources */ = {isa = PBXBuildFile; fileRef = 4FB41E212BA6444100270496 /* Environment.swift */; };
		4FB41E262BA659E300270496 /* ViewConstants.swift in Sources */ = {isa = PBXBuildFile; fileRef = 4FB41E252BA659E300270496 /* ViewConstants.swift */; };
		4FB41E282BA6637300270496 /* AlbumScreen.swift in Sources */ = {isa = PBXBuildFile; fileRef = 4FB41E272BA6637300270496 /* AlbumScreen.swift */; };
		4FB41E2A2BA67EF200270496 /* SongListEntry.swift in Sources */ = {isa = PBXBuildFile; fileRef = 4FB41E292BA67EF200270496 /* SongListEntry.swift */; };
		4FB79D492C2157BC00A5B9F5 /* AllTaglistsScreen.swift in Sources */ = {isa = PBXBuildFile; fileRef = 4FB79D482C2157BB00A5B9F5 /* AllTaglistsScreen.swift */; };
		4FB79D4B2C21EC6900A5B9F5 /* TaglistMenu.swift in Sources */ = {isa = PBXBuildFile; fileRef = 4FB79D4A2C21EC6900A5B9F5 /* TaglistMenu.swift */; };
		4FB79D4D2C2213AA00A5B9F5 /* LargePlayShuffleButtons.swift in Sources */ = {isa = PBXBuildFile; fileRef = 4FB79D4C2C2213AA00A5B9F5 /* LargePlayShuffleButtons.swift */; };
		4FB79D502C24B88C00A5B9F5 /* LargeMenu.swift in Sources */ = {isa = PBXBuildFile; fileRef = 4FB79D4F2C24B88C00A5B9F5 /* LargeMenu.swift */; };
		4FB79D522C24BAB400A5B9F5 /* TagEntryField.swift in Sources */ = {isa = PBXBuildFile; fileRef = 4FB79D512C24BAB400A5B9F5 /* TagEntryField.swift */; };
		4FB79D542C24BAF700A5B9F5 /* TaglistBuilder.swift in Sources */ = {isa = PBXBuildFile; fileRef = 4FB79D532C24BAF700A5B9F5 /* TaglistBuilder.swift */; };
		4FB79D562C262FF700A5B9F5 /* AlbumArtHeader.swift in Sources */ = {isa = PBXBuildFile; fileRef = 4FB79D552C262FF700A5B9F5 /* AlbumArtHeader.swift */; };
		4FB79D592C26566500A5B9F5 /* MediaArtEditor.swift in Sources */ = {isa = PBXBuildFile; fileRef = 4FB79D582C26566500A5B9F5 /* MediaArtEditor.swift */; };
		4FB79D5C2C266DD000A5B9F5 /* TagViewsScreen.swift in Sources */ = {isa = PBXBuildFile; fileRef = 4FB79D5B2C266DD000A5B9F5 /* TagViewsScreen.swift */; };
		4FCDB59A2C12E5910016EF8C /* TransactionAssertionsScreen.swift in Sources */ = {isa = PBXBuildFile; fileRef = 4FCDB5992C12E5910016EF8C /* TransactionAssertionsScreen.swift */; };
		4FCDB59C2C1514D70016EF8C /* LibraryData.swift in Sources */ = {isa = PBXBuildFile; fileRef = 4FCDB59B2C1514D70016EF8C /* LibraryData.swift */; };
		4FCDB59E2C156F770016EF8C /* Searchable.swift in Sources */ = {isa = PBXBuildFile; fileRef = 4FCDB59D2C156F770016EF8C /* Searchable.swift */; };
		4FD48D0A2BB3E2B800D06055 /* Repository in Frameworks */ = {isa = PBXBuildFile; productRef = 4FD48D092BB3E2B800D06055 /* Repository */; };
		4FD48D0C2BB88B0900D06055 /* MediaArtView.swift in Sources */ = {isa = PBXBuildFile; fileRef = 4FD48D0B2BB88B0900D06055 /* MediaArtView.swift */; };
		4FD48D122BB929A200D06055 /* SettingsScreen.swift in Sources */ = {isa = PBXBuildFile; fileRef = 4FD48D112BB929A200D06055 /* SettingsScreen.swift */; };
		4FD48D142BB92CAA00D06055 /* SearchScreen.swift in Sources */ = {isa = PBXBuildFile; fileRef = 4FD48D132BB92CAA00D06055 /* SearchScreen.swift */; };
		4FD48D162BB92CC400D06055 /* MixerScreen.swift in Sources */ = {isa = PBXBuildFile; fileRef = 4FD48D152BB92CC400D06055 /* MixerScreen.swift */; };
		4FD48D182BB92DBB00D06055 /* SongBar.swift in Sources */ = {isa = PBXBuildFile; fileRef = 4FD48D172BB92DBB00D06055 /* SongBar.swift */; };
		4FD48D1A2BB9D19800D06055 /* SongBarWrapper.swift in Sources */ = {isa = PBXBuildFile; fileRef = 4FD48D192BB9D19800D06055 /* SongBarWrapper.swift */; };
		4FD48D1E2BB9E8CC00D06055 /* MediaPlayerKit in Frameworks */ = {isa = PBXBuildFile; productRef = 4FD48D1D2BB9E8CC00D06055 /* MediaPlayerKit */; };
		4FD48D222BBA6CF900D06055 /* PlayerScreen.swift in Sources */ = {isa = PBXBuildFile; fileRef = 4FD48D212BBA6CF900D06055 /* PlayerScreen.swift */; };
		4FD48D2B2BBB8B5800D06055 /* LibraryGridEntry.swift in Sources */ = {isa = PBXBuildFile; fileRef = 4FD48D2A2BBB8B5800D06055 /* LibraryGridEntry.swift */; };
		4FEE48782BC3B1F500F5BC86 /* TimeSlider.swift in Sources */ = {isa = PBXBuildFile; fileRef = 4FEE48772BC3B1F500F5BC86 /* TimeSlider.swift */; };
		4FEE487C2BCB2DC300F5BC86 /* PlayerControls.swift in Sources */ = {isa = PBXBuildFile; fileRef = 4FEE487B2BCB2DC300F5BC86 /* PlayerControls.swift */; };
		4FEE487E2BCB340500F5BC86 /* QueueControls.swift in Sources */ = {isa = PBXBuildFile; fileRef = 4FEE487D2BCB340500F5BC86 /* QueueControls.swift */; };
		4FEE48802BCB376D00F5BC86 /* PlayerHeader.swift in Sources */ = {isa = PBXBuildFile; fileRef = 4FEE487F2BCB376D00F5BC86 /* PlayerHeader.swift */; };
		4FEE48842BCC756E00F5BC86 /* PlayerArtView.swift in Sources */ = {isa = PBXBuildFile; fileRef = 4FEE48832BCC756E00F5BC86 /* PlayerArtView.swift */; };
		4FEE488A2BCD991700F5BC86 /* OptionalMatchedGeometryEffect.swift in Sources */ = {isa = PBXBuildFile; fileRef = 4FEE48892BCD991700F5BC86 /* OptionalMatchedGeometryEffect.swift */; };
		4FEE488C2BCDB59000F5BC86 /* QueueList.swift in Sources */ = {isa = PBXBuildFile; fileRef = 4FEE488B2BCDB59000F5BC86 /* QueueList.swift */; };
/* End PBXBuildFile section */

/* Begin PBXContainerItemProxy section */
		4F04DCC72B74727F006114B3 /* PBXContainerItemProxy */ = {
			isa = PBXContainerItemProxy;
			containerPortal = 4F04DCAD2B74727D006114B3 /* Project object */;
			proxyType = 1;
			remoteGlobalIDString = 4F04DCB42B74727D006114B3;
			remoteInfo = Boomic;
		};
		4F04DCD12B74727F006114B3 /* PBXContainerItemProxy */ = {
			isa = PBXContainerItemProxy;
			containerPortal = 4F04DCAD2B74727D006114B3 /* Project object */;
			proxyType = 1;
			remoteGlobalIDString = 4F04DCB42B74727D006114B3;
			remoteInfo = Boomic;
		};
/* End PBXContainerItemProxy section */

/* Begin PBXFileReference section */
		4F019FA12C114368006E488A /* TabsScreen.swift */ = {isa = PBXFileReference; lastKnownFileType = sourcecode.swift; path = TabsScreen.swift; sourceTree = "<group>"; };
		4F019FA32C1143BD006E488A /* PlayerWrapper.swift */ = {isa = PBXFileReference; lastKnownFileType = sourcecode.swift; path = PlayerWrapper.swift; sourceTree = "<group>"; };
		4F019FA52C115633006E488A /* GridList.swift */ = {isa = PBXFileReference; lastKnownFileType = sourcecode.swift; path = GridList.swift; sourceTree = "<group>"; };
		4F019FA82C115789006E488A /* GridListConfiguration.swift */ = {isa = PBXFileReference; lastKnownFileType = sourcecode.swift; path = GridListConfiguration.swift; sourceTree = "<group>"; };
		4F019FAA2C1182C3006E488A /* GridListButtons.swift */ = {isa = PBXFileReference; lastKnownFileType = sourcecode.swift; path = GridListButtons.swift; sourceTree = "<group>"; };
		4F04DCB52B74727D006114B3 /* Boomic.app */ = {isa = PBXFileReference; explicitFileType = wrapper.application; includeInIndex = 0; path = Boomic.app; sourceTree = BUILT_PRODUCTS_DIR; };
		4F04DCB82B74727D006114B3 /* BoomicApp.swift */ = {isa = PBXFileReference; lastKnownFileType = sourcecode.swift; path = BoomicApp.swift; sourceTree = "<group>"; };
		4F04DCBA2B74727D006114B3 /* ContentView.swift */ = {isa = PBXFileReference; lastKnownFileType = sourcecode.swift; path = ContentView.swift; sourceTree = "<group>"; };
		4F04DCBC2B74727E006114B3 /* Assets.xcassets */ = {isa = PBXFileReference; lastKnownFileType = folder.assetcatalog; path = Assets.xcassets; sourceTree = "<group>"; };
		4F04DCBE2B74727E006114B3 /* Boomic.entitlements */ = {isa = PBXFileReference; lastKnownFileType = text.plist.entitlements; path = Boomic.entitlements; sourceTree = "<group>"; };
		4F04DCC02B74727E006114B3 /* Preview Assets.xcassets */ = {isa = PBXFileReference; lastKnownFileType = folder.assetcatalog; path = "Preview Assets.xcassets"; sourceTree = "<group>"; };
		4F04DCC62B74727F006114B3 /* BoomicTests.xctest */ = {isa = PBXFileReference; explicitFileType = wrapper.cfbundle; includeInIndex = 0; path = BoomicTests.xctest; sourceTree = BUILT_PRODUCTS_DIR; };
		4F04DCCA2B74727F006114B3 /* BoomicTests.swift */ = {isa = PBXFileReference; lastKnownFileType = sourcecode.swift; path = BoomicTests.swift; sourceTree = "<group>"; };
		4F04DCD02B74727F006114B3 /* BoomicUITests.xctest */ = {isa = PBXFileReference; explicitFileType = wrapper.cfbundle; includeInIndex = 0; path = BoomicUITests.xctest; sourceTree = BUILT_PRODUCTS_DIR; };
		4F04DCD42B74727F006114B3 /* BoomicUITests.swift */ = {isa = PBXFileReference; lastKnownFileType = sourcecode.swift; path = BoomicUITests.swift; sourceTree = "<group>"; };
		4F04DCD62B74727F006114B3 /* BoomicUITestsLaunchTests.swift */ = {isa = PBXFileReference; lastKnownFileType = sourcecode.swift; path = BoomicUITestsLaunchTests.swift; sourceTree = "<group>"; };
		4F04DCE42B7476E4006114B3 /* Repository */ = {isa = PBXFileReference; lastKnownFileType = wrapper; path = Repository; sourceTree = "<group>"; };
		4F04DCE52B747EFC006114B3 /* Database */ = {isa = PBXFileReference; lastKnownFileType = wrapper; path = Database; sourceTree = "<group>"; };
		4F04DCE62B747F0D006114B3 /* Networking */ = {isa = PBXFileReference; lastKnownFileType = wrapper; path = Networking; sourceTree = "<group>"; };
		4F04DCE72B747F38006114B3 /* Models */ = {isa = PBXFileReference; lastKnownFileType = wrapper; path = Models; sourceTree = "<group>"; };
		4F1EBC492C17D5A300D0FFBF /* GridListEntry.swift */ = {isa = PBXFileReference; lastKnownFileType = sourcecode.swift; path = GridListEntry.swift; sourceTree = "<group>"; };
		4F1EBC4B2C17E13500D0FFBF /* SongGrid.swift */ = {isa = PBXFileReference; lastKnownFileType = sourcecode.swift; path = SongGrid.swift; sourceTree = "<group>"; };
		4F1EBC4D2C18E11300D0FFBF /* ArtistMenu.swift */ = {isa = PBXFileReference; lastKnownFileType = sourcecode.swift; path = ArtistMenu.swift; sourceTree = "<group>"; };
		4F1EBC4F2C18E25C00D0FFBF /* AlbumMenu.swift */ = {isa = PBXFileReference; lastKnownFileType = sourcecode.swift; path = AlbumMenu.swift; sourceTree = "<group>"; };
		4F1EBC512C19170A00D0FFBF /* SongUpdateSheet.swift */ = {isa = PBXFileReference; lastKnownFileType = sourcecode.swift; path = SongUpdateSheet.swift; sourceTree = "<group>"; };
		4F1EBC542C1A2C4300D0FFBF /* Selector.swift */ = {isa = PBXFileReference; lastKnownFileType = sourcecode.swift; path = Selector.swift; sourceTree = "<group>"; };
		4F1EBC562C1A30FE00D0FFBF /* GridListSelectorBar.swift */ = {isa = PBXFileReference; lastKnownFileType = sourcecode.swift; path = GridListSelectorBar.swift; sourceTree = "<group>"; };
		4F1EBC582C1A944600D0FFBF /* ShowAllSelections.swift */ = {isa = PBXFileReference; lastKnownFileType = sourcecode.swift; path = ShowAllSelections.swift; sourceTree = "<group>"; };
		4F1EBC5A2C1CAB1600D0FFBF /* AddDetailsScreen.swift */ = {isa = PBXFileReference; lastKnownFileType = sourcecode.swift; path = AddDetailsScreen.swift; sourceTree = "<group>"; };
		4F539D662BD303BF00E12A40 /* SongMenu.swift */ = {isa = PBXFileReference; lastKnownFileType = sourcecode.swift; path = SongMenu.swift; sourceTree = "<group>"; };
		4F539D6A2BD4B7E400E12A40 /* SongGoToMenu.swift */ = {isa = PBXFileReference; lastKnownFileType = sourcecode.swift; path = SongGoToMenu.swift; sourceTree = "<group>"; };
		4F539D6C2BD7288C00E12A40 /* QueueListButton.swift */ = {isa = PBXFileReference; lastKnownFileType = sourcecode.swift; path = QueueListButton.swift; sourceTree = "<group>"; };
		4F6135CD2B7757DB00AF825C /* BoomicTestPlan.xctestplan */ = {isa = PBXFileReference; lastKnownFileType = text; path = BoomicTestPlan.xctestplan; sourceTree = "<group>"; };
		4F853B5C2BA75D1100721E59 /* AllArtistsScreen.swift */ = {isa = PBXFileReference; lastKnownFileType = sourcecode.swift; path = AllArtistsScreen.swift; sourceTree = "<group>"; };
		4F853B5E2BA7632E00721E59 /* ArtistGrid.swift */ = {isa = PBXFileReference; lastKnownFileType = sourcecode.swift; path = ArtistGrid.swift; sourceTree = "<group>"; };
		4F853B602BA7669100721E59 /* PreviewMocks.swift */ = {isa = PBXFileReference; lastKnownFileType = sourcecode.swift; path = PreviewMocks.swift; sourceTree = "<group>"; };
		4F853B622BA76AA600721E59 /* ArtistScreen.swift */ = {isa = PBXFileReference; lastKnownFileType = sourcecode.swift; path = ArtistScreen.swift; sourceTree = "<group>"; };
		4F853B672BA7DA3C00721E59 /* LargeButton.swift */ = {isa = PBXFileReference; lastKnownFileType = sourcecode.swift; path = LargeButton.swift; sourceTree = "<group>"; };
		4F853B6D2BA80C3D00721E59 /* AllSongsScreen.swift */ = {isa = PBXFileReference; lastKnownFileType = sourcecode.swift; path = AllSongsScreen.swift; sourceTree = "<group>"; };
		4F853B712BA8926500721E59 /* AlbumGrid.swift */ = {isa = PBXFileReference; lastKnownFileType = sourcecode.swift; path = AlbumGrid.swift; sourceTree = "<group>"; };
		4F853B772BAA22D100721E59 /* DynamicGrid.swift */ = {isa = PBXFileReference; lastKnownFileType = sourcecode.swift; path = DynamicGrid.swift; sourceTree = "<group>"; };
		4F853B792BAA8B5900721E59 /* MediaFileKit */ = {isa = PBXFileReference; lastKnownFileType = wrapper; path = MediaFileKit; sourceTree = "<group>"; };
		4F93BBBE2C0C3FCA0076B4F2 /* Navigator.swift */ = {isa = PBXFileReference; lastKnownFileType = sourcecode.swift; path = Navigator.swift; sourceTree = "<group>"; };
		4F93BBC12C0FB53E0076B4F2 /* Preferences.swift */ = {isa = PBXFileReference; lastKnownFileType = sourcecode.swift; path = Preferences.swift; sourceTree = "<group>"; };
		4F93BBC62C1021CD0076B4F2 /* AccentColorPicker.swift */ = {isa = PBXFileReference; lastKnownFileType = sourcecode.swift; path = AccentColorPicker.swift; sourceTree = "<group>"; };
		4F93BBC82C1031A70076B4F2 /* LibraryPanelOrder.swift */ = {isa = PBXFileReference; lastKnownFileType = sourcecode.swift; path = LibraryPanelOrder.swift; sourceTree = "<group>"; };
		4F93BBCA2C1031B60076B4F2 /* TabOrder.swift */ = {isa = PBXFileReference; lastKnownFileType = sourcecode.swift; path = TabOrder.swift; sourceTree = "<group>"; };
		4F9A33172BD898CA005A2EBD /* AnimatedButton.swift */ = {isa = PBXFileReference; lastKnownFileType = sourcecode.swift; path = AnimatedButton.swift; sourceTree = "<group>"; };
		4F9A33192BDF4FBD005A2EBD /* TransactionsList.swift */ = {isa = PBXFileReference; lastKnownFileType = sourcecode.swift; path = TransactionsList.swift; sourceTree = "<group>"; };
		4F9FCE8B2C1E79AF0063E65C /* UpdateSheetData.swift */ = {isa = PBXFileReference; lastKnownFileType = sourcecode.swift; path = UpdateSheetData.swift; sourceTree = "<group>"; };
		4F9FCE8D2C1E7A230063E65C /* AlbumUpdateSheet.swift */ = {isa = PBXFileReference; lastKnownFileType = sourcecode.swift; path = AlbumUpdateSheet.swift; sourceTree = "<group>"; };
		4F9FCE8F2C1E7D010063E65C /* ArtistUpdateSheet.swift */ = {isa = PBXFileReference; lastKnownFileType = sourcecode.swift; path = ArtistUpdateSheet.swift; sourceTree = "<group>"; };
		4F9FCE912C1F48B80063E65C /* TagPill.swift */ = {isa = PBXFileReference; lastKnownFileType = sourcecode.swift; path = TagPill.swift; sourceTree = "<group>"; };
		4F9FCE982C1FF7600063E65C /* TaglistScreen.swift */ = {isa = PBXFileReference; fileEncoding = 4; lastKnownFileType = sourcecode.swift; path = TaglistScreen.swift; sourceTree = "<group>"; };
		4F9FCE9A2C2079D10063E65C /* WrappingHStack.swift */ = {isa = PBXFileReference; lastKnownFileType = sourcecode.swift; path = WrappingHStack.swift; sourceTree = "<group>"; };
		4FB41E182BA6228600270496 /* LibraryScreen.swift */ = {isa = PBXFileReference; lastKnownFileType = sourcecode.swift; path = LibraryScreen.swift; sourceTree = "<group>"; };
		4FB41E1C2BA6247E00270496 /* AllAlbumsScreen.swift */ = {isa = PBXFileReference; lastKnownFileType = sourcecode.swift; path = AllAlbumsScreen.swift; sourceTree = "<group>"; };
		4FB41E212BA6444100270496 /* Environment.swift */ = {isa = PBXFileReference; lastKnownFileType = sourcecode.swift; path = Environment.swift; sourceTree = "<group>"; };
		4FB41E252BA659E300270496 /* ViewConstants.swift */ = {isa = PBXFileReference; lastKnownFileType = sourcecode.swift; path = ViewConstants.swift; sourceTree = "<group>"; };
		4FB41E272BA6637300270496 /* AlbumScreen.swift */ = {isa = PBXFileReference; lastKnownFileType = sourcecode.swift; path = AlbumScreen.swift; sourceTree = "<group>"; };
		4FB41E292BA67EF200270496 /* SongListEntry.swift */ = {isa = PBXFileReference; lastKnownFileType = sourcecode.swift; path = SongListEntry.swift; sourceTree = "<group>"; };
		4FB79D482C2157BB00A5B9F5 /* AllTaglistsScreen.swift */ = {isa = PBXFileReference; lastKnownFileType = sourcecode.swift; path = AllTaglistsScreen.swift; sourceTree = "<group>"; };
		4FB79D4A2C21EC6900A5B9F5 /* TaglistMenu.swift */ = {isa = PBXFileReference; lastKnownFileType = sourcecode.swift; path = TaglistMenu.swift; sourceTree = "<group>"; };
		4FB79D4C2C2213AA00A5B9F5 /* LargePlayShuffleButtons.swift */ = {isa = PBXFileReference; lastKnownFileType = sourcecode.swift; path = LargePlayShuffleButtons.swift; sourceTree = "<group>"; };
		4FB79D4F2C24B88C00A5B9F5 /* LargeMenu.swift */ = {isa = PBXFileReference; lastKnownFileType = sourcecode.swift; path = LargeMenu.swift; sourceTree = "<group>"; };
		4FB79D512C24BAB400A5B9F5 /* TagEntryField.swift */ = {isa = PBXFileReference; lastKnownFileType = sourcecode.swift; path = TagEntryField.swift; sourceTree = "<group>"; };
		4FB79D532C24BAF700A5B9F5 /* TaglistBuilder.swift */ = {isa = PBXFileReference; lastKnownFileType = sourcecode.swift; path = TaglistBuilder.swift; sourceTree = "<group>"; };
		4FB79D552C262FF700A5B9F5 /* AlbumArtHeader.swift */ = {isa = PBXFileReference; lastKnownFileType = sourcecode.swift; path = AlbumArtHeader.swift; sourceTree = "<group>"; };
		4FB79D582C26566500A5B9F5 /* MediaArtEditor.swift */ = {isa = PBXFileReference; lastKnownFileType = sourcecode.swift; path = MediaArtEditor.swift; sourceTree = "<group>"; };
		4FB79D5B2C266DD000A5B9F5 /* TagViewsScreen.swift */ = {isa = PBXFileReference; lastKnownFileType = sourcecode.swift; path = TagViewsScreen.swift; sourceTree = "<group>"; };
		4FCDB5992C12E5910016EF8C /* TransactionAssertionsScreen.swift */ = {isa = PBXFileReference; lastKnownFileType = sourcecode.swift; path = TransactionAssertionsScreen.swift; sourceTree = "<group>"; };
		4FCDB59B2C1514D70016EF8C /* LibraryData.swift */ = {isa = PBXFileReference; lastKnownFileType = sourcecode.swift; path = LibraryData.swift; sourceTree = "<group>"; };
		4FCDB59D2C156F770016EF8C /* Searchable.swift */ = {isa = PBXFileReference; lastKnownFileType = sourcecode.swift; path = Searchable.swift; sourceTree = "<group>"; };
		4FD48D0B2BB88B0900D06055 /* MediaArtView.swift */ = {isa = PBXFileReference; lastKnownFileType = sourcecode.swift; path = MediaArtView.swift; sourceTree = "<group>"; };
		4FD48D112BB929A200D06055 /* SettingsScreen.swift */ = {isa = PBXFileReference; lastKnownFileType = sourcecode.swift; path = SettingsScreen.swift; sourceTree = "<group>"; };
		4FD48D132BB92CAA00D06055 /* SearchScreen.swift */ = {isa = PBXFileReference; lastKnownFileType = sourcecode.swift; path = SearchScreen.swift; sourceTree = "<group>"; };
		4FD48D152BB92CC400D06055 /* MixerScreen.swift */ = {isa = PBXFileReference; lastKnownFileType = sourcecode.swift; path = MixerScreen.swift; sourceTree = "<group>"; };
		4FD48D172BB92DBB00D06055 /* SongBar.swift */ = {isa = PBXFileReference; lastKnownFileType = sourcecode.swift; path = SongBar.swift; sourceTree = "<group>"; };
		4FD48D192BB9D19800D06055 /* SongBarWrapper.swift */ = {isa = PBXFileReference; lastKnownFileType = sourcecode.swift; path = SongBarWrapper.swift; sourceTree = "<group>"; };
		4FD48D1B2BB9D86500D06055 /* MediaPlayerKit */ = {isa = PBXFileReference; lastKnownFileType = wrapper; path = MediaPlayerKit; sourceTree = "<group>"; };
		4FD48D212BBA6CF900D06055 /* PlayerScreen.swift */ = {isa = PBXFileReference; lastKnownFileType = sourcecode.swift; path = PlayerScreen.swift; sourceTree = "<group>"; };
		4FD48D2A2BBB8B5800D06055 /* LibraryGridEntry.swift */ = {isa = PBXFileReference; lastKnownFileType = sourcecode.swift; path = LibraryGridEntry.swift; sourceTree = "<group>"; };
		4FD48D302BBBD7F300D06055 /* Info.plist */ = {isa = PBXFileReference; lastKnownFileType = text.plist.xml; path = Info.plist; sourceTree = "<group>"; };
		4FEE48772BC3B1F500F5BC86 /* TimeSlider.swift */ = {isa = PBXFileReference; lastKnownFileType = sourcecode.swift; path = TimeSlider.swift; sourceTree = "<group>"; };
		4FEE487B2BCB2DC300F5BC86 /* PlayerControls.swift */ = {isa = PBXFileReference; lastKnownFileType = sourcecode.swift; path = PlayerControls.swift; sourceTree = "<group>"; };
		4FEE487D2BCB340500F5BC86 /* QueueControls.swift */ = {isa = PBXFileReference; lastKnownFileType = sourcecode.swift; path = QueueControls.swift; sourceTree = "<group>"; };
		4FEE487F2BCB376D00F5BC86 /* PlayerHeader.swift */ = {isa = PBXFileReference; lastKnownFileType = sourcecode.swift; path = PlayerHeader.swift; sourceTree = "<group>"; };
		4FEE48832BCC756E00F5BC86 /* PlayerArtView.swift */ = {isa = PBXFileReference; lastKnownFileType = sourcecode.swift; path = PlayerArtView.swift; sourceTree = "<group>"; };
		4FEE48892BCD991700F5BC86 /* OptionalMatchedGeometryEffect.swift */ = {isa = PBXFileReference; lastKnownFileType = sourcecode.swift; path = OptionalMatchedGeometryEffect.swift; sourceTree = "<group>"; };
		4FEE488B2BCDB59000F5BC86 /* QueueList.swift */ = {isa = PBXFileReference; lastKnownFileType = sourcecode.swift; path = QueueList.swift; sourceTree = "<group>"; };
/* End PBXFileReference section */

/* Begin PBXFrameworksBuildPhase section */
		4F04DCB22B74727D006114B3 /* Frameworks */ = {
			isa = PBXFrameworksBuildPhase;
			buildActionMask = 2147483647;
			files = (
				4F853B7C2BAE30B400721E59 /* MediaFileKit in Frameworks */,
				4F04DCF92B74B77B006114B3 /* Models in Frameworks */,
				4F93BBC42C0FC28D0076B4F2 /* Storage in Frameworks */,
				4FD48D0A2BB3E2B800D06055 /* Repository in Frameworks */,
				4FD48D1E2BB9E8CC00D06055 /* MediaPlayerKit in Frameworks */,
				4F6135D02B7AB3CC00AF825C /* Database in Frameworks */,
				4FB41E202BA6289000270496 /* DatabaseMocks in Frameworks */,
			);
			runOnlyForDeploymentPostprocessing = 0;
		};
		4F04DCC32B74727F006114B3 /* Frameworks */ = {
			isa = PBXFrameworksBuildPhase;
			buildActionMask = 2147483647;
			files = (
			);
			runOnlyForDeploymentPostprocessing = 0;
		};
		4F04DCCD2B74727F006114B3 /* Frameworks */ = {
			isa = PBXFrameworksBuildPhase;
			buildActionMask = 2147483647;
			files = (
			);
			runOnlyForDeploymentPostprocessing = 0;
		};
/* End PBXFrameworksBuildPhase section */

/* Begin PBXGroup section */
		4F019FA72C115779006E488A /* GridList */ = {
			isa = PBXGroup;
			children = (
				4F019FA82C115789006E488A /* GridListConfiguration.swift */,
				4F019FA52C115633006E488A /* GridList.swift */,
				4F019FAA2C1182C3006E488A /* GridListButtons.swift */,
				4F1EBC492C17D5A300D0FFBF /* GridListEntry.swift */,
				4F1EBC562C1A30FE00D0FFBF /* GridListSelectorBar.swift */,
			);
			path = GridList;
			sourceTree = "<group>";
		};
		4F04DCAC2B74727D006114B3 = {
			isa = PBXGroup;
			children = (
				4F6135CD2B7757DB00AF825C /* BoomicTestPlan.xctestplan */,
				4F04DCE32B7476C0006114B3 /* Sources */,
				4F04DCB72B74727D006114B3 /* Boomic */,
				4F04DCC92B74727F006114B3 /* BoomicTests */,
				4F04DCD32B74727F006114B3 /* BoomicUITests */,
				4F04DCB62B74727D006114B3 /* Products */,
				4FB41E1E2BA6289000270496 /* Frameworks */,
			);
			sourceTree = "<group>";
		};
		4F04DCB62B74727D006114B3 /* Products */ = {
			isa = PBXGroup;
			children = (
				4F04DCB52B74727D006114B3 /* Boomic.app */,
				4F04DCC62B74727F006114B3 /* BoomicTests.xctest */,
				4F04DCD02B74727F006114B3 /* BoomicUITests.xctest */,
			);
			name = Products;
			sourceTree = "<group>";
		};
		4F04DCB72B74727D006114B3 /* Boomic */ = {
			isa = PBXGroup;
			children = (
				4F019FA72C115779006E488A /* GridList */,
				4F1EBC532C1A2C3000D0FFBF /* Selector */,
				4F93BBBD2C0C3FB10076B4F2 /* Navigation */,
				4FD48D302BBBD7F300D06055 /* Info.plist */,
				4FD48D102BB9298F00D06055 /* Search */,
				4FD48D0F2BB9294400D06055 /* Settings */,
				4FD48D0E2BB9293B00D06055 /* Mixer */,
				4FD48D0D2BB9293200D06055 /* Player */,
				4F853B642BA7CA1500721E59 /* Utility */,
				4F04DCE92B74ADEB006114B3 /* Library */,
				4F04DCBC2B74727E006114B3 /* Assets.xcassets */,
				4F04DCBF2B74727E006114B3 /* Preview Content */,
				4F04DCBE2B74727E006114B3 /* Boomic.entitlements */,
				4F04DCB82B74727D006114B3 /* BoomicApp.swift */,
				4F04DCBA2B74727D006114B3 /* ContentView.swift */,
				4FB41E212BA6444100270496 /* Environment.swift */,
				4FB41E252BA659E300270496 /* ViewConstants.swift */,
				4F853B602BA7669100721E59 /* PreviewMocks.swift */,
			);
			path = Boomic;
			sourceTree = "<group>";
		};
		4F04DCBF2B74727E006114B3 /* Preview Content */ = {
			isa = PBXGroup;
			children = (
				4F04DCC02B74727E006114B3 /* Preview Assets.xcassets */,
			);
			path = "Preview Content";
			sourceTree = "<group>";
		};
		4F04DCC92B74727F006114B3 /* BoomicTests */ = {
			isa = PBXGroup;
			children = (
				4F04DCCA2B74727F006114B3 /* BoomicTests.swift */,
			);
			path = BoomicTests;
			sourceTree = "<group>";
		};
		4F04DCD32B74727F006114B3 /* BoomicUITests */ = {
			isa = PBXGroup;
			children = (
				4F04DCD42B74727F006114B3 /* BoomicUITests.swift */,
				4F04DCD62B74727F006114B3 /* BoomicUITestsLaunchTests.swift */,
			);
			path = BoomicUITests;
			sourceTree = "<group>";
		};
		4F04DCE32B7476C0006114B3 /* Sources */ = {
			isa = PBXGroup;
			children = (
				4FD48D1B2BB9D86500D06055 /* MediaPlayerKit */,
				4F853B792BAA8B5900721E59 /* MediaFileKit */,
				4F04DCE72B747F38006114B3 /* Models */,
				4F04DCE62B747F0D006114B3 /* Networking */,
				4F04DCE52B747EFC006114B3 /* Database */,
				4F04DCE42B7476E4006114B3 /* Repository */,
			);
			path = Sources;
			sourceTree = "<group>";
		};
		4F04DCE92B74ADEB006114B3 /* Library */ = {
			isa = PBXGroup;
			children = (
				4F9FCE932C1F9B430063E65C /* Taglists */,
				4F9FCE8A2C1E79920063E65C /* Updates */,
				4FB41E2E2BA6C51F00270496 /* Artist */,
				4FB41E2D2BA6C51500270496 /* Album */,
				4FB41E2C2BA6C51000270496 /* Song */,
				4FB41E2B2BA6C50500270496 /* Library */,
			);
			path = Library;
			sourceTree = "<group>";
		};
		4F1EBC532C1A2C3000D0FFBF /* Selector */ = {
			isa = PBXGroup;
			children = (
				4F1EBC542C1A2C4300D0FFBF /* Selector.swift */,
				4F1EBC582C1A944600D0FFBF /* ShowAllSelections.swift */,
			);
			path = Selector;
			sourceTree = "<group>";
		};
		4F853B642BA7CA1500721E59 /* Utility */ = {
			isa = PBXGroup;
			children = (
				4FB79D5A2C26566A00A5B9F5 /* MediaArt */,
				4FB79D4E2C24B85600A5B9F5 /* LargeButton */,
				4F853B772BAA22D100721E59 /* DynamicGrid.swift */,
				4FEE48892BCD991700F5BC86 /* OptionalMatchedGeometryEffect.swift */,
				4F9A33172BD898CA005A2EBD /* AnimatedButton.swift */,
				4F9FCE9A2C2079D10063E65C /* WrappingHStack.swift */,
			);
			path = Utility;
			sourceTree = "<group>";
		};
		4F93BBBD2C0C3FB10076B4F2 /* Navigation */ = {
			isa = PBXGroup;
			children = (
				4F93BBBE2C0C3FCA0076B4F2 /* Navigator.swift */,
				4F019FA12C114368006E488A /* TabsScreen.swift */,
			);
			path = Navigation;
			sourceTree = "<group>";
		};
		4F93BBC02C0FB5220076B4F2 /* Transactions */ = {
			isa = PBXGroup;
			children = (
				4F9A33192BDF4FBD005A2EBD /* TransactionsList.swift */,
				4FCDB5992C12E5910016EF8C /* TransactionAssertionsScreen.swift */,
				4FCDB59B2C1514D70016EF8C /* LibraryData.swift */,
				4F1EBC5A2C1CAB1600D0FFBF /* AddDetailsScreen.swift */,
			);
			path = Transactions;
			sourceTree = "<group>";
		};
		4F93BBC52C1021610076B4F2 /* UI */ = {
			isa = PBXGroup;
			children = (
				4F93BBC62C1021CD0076B4F2 /* AccentColorPicker.swift */,
				4F93BBC82C1031A70076B4F2 /* LibraryPanelOrder.swift */,
				4F93BBCA2C1031B60076B4F2 /* TabOrder.swift */,
			);
			path = UI;
			sourceTree = "<group>";
		};
		4F9FCE8A2C1E79920063E65C /* Updates */ = {
			isa = PBXGroup;
			children = (
				4F1EBC512C19170A00D0FFBF /* SongUpdateSheet.swift */,
				4F9FCE8B2C1E79AF0063E65C /* UpdateSheetData.swift */,
				4F9FCE8D2C1E7A230063E65C /* AlbumUpdateSheet.swift */,
				4F9FCE8F2C1E7D010063E65C /* ArtistUpdateSheet.swift */,
			);
			path = Updates;
			sourceTree = "<group>";
		};
		4F9FCE932C1F9B430063E65C /* Taglists */ = {
			isa = PBXGroup;
			children = (
				4F9FCE912C1F48B80063E65C /* TagPill.swift */,
				4F9FCE982C1FF7600063E65C /* TaglistScreen.swift */,
				4FB79D482C2157BB00A5B9F5 /* AllTaglistsScreen.swift */,
				4FB79D4A2C21EC6900A5B9F5 /* TaglistMenu.swift */,
				4FB79D512C24BAB400A5B9F5 /* TagEntryField.swift */,
				4FB79D532C24BAF700A5B9F5 /* TaglistBuilder.swift */,
			);
			path = Taglists;
			sourceTree = "<group>";
		};
		4FB41E1E2BA6289000270496 /* Frameworks */ = {
			isa = PBXGroup;
			children = (
			);
			name = Frameworks;
			sourceTree = "<group>";
		};
		4FB41E2B2BA6C50500270496 /* Library */ = {
			isa = PBXGroup;
			children = (
				4FB41E182BA6228600270496 /* LibraryScreen.swift */,
				4FB41E1C2BA6247E00270496 /* AllAlbumsScreen.swift */,
				4F853B5C2BA75D1100721E59 /* AllArtistsScreen.swift */,
				4F853B6D2BA80C3D00721E59 /* AllSongsScreen.swift */,
				4FD48D2A2BBB8B5800D06055 /* LibraryGridEntry.swift */,
			);
			path = Library;
			sourceTree = "<group>";
		};
		4FB41E2C2BA6C51000270496 /* Song */ = {
			isa = PBXGroup;
			children = (
				4FB41E292BA67EF200270496 /* SongListEntry.swift */,
				4F539D662BD303BF00E12A40 /* SongMenu.swift */,
				4F539D6A2BD4B7E400E12A40 /* SongGoToMenu.swift */,
				4F1EBC4B2C17E13500D0FFBF /* SongGrid.swift */,
			);
			path = Song;
			sourceTree = "<group>";
		};
		4FB41E2D2BA6C51500270496 /* Album */ = {
			isa = PBXGroup;
			children = (
				4FB41E272BA6637300270496 /* AlbumScreen.swift */,
				4F853B712BA8926500721E59 /* AlbumGrid.swift */,
				4F1EBC4F2C18E25C00D0FFBF /* AlbumMenu.swift */,
				4FB79D552C262FF700A5B9F5 /* AlbumArtHeader.swift */,
			);
			path = Album;
			sourceTree = "<group>";
		};
		4FB41E2E2BA6C51F00270496 /* Artist */ = {
			isa = PBXGroup;
			children = (
				4F853B5E2BA7632E00721E59 /* ArtistGrid.swift */,
				4F853B622BA76AA600721E59 /* ArtistScreen.swift */,
				4F1EBC4D2C18E11300D0FFBF /* ArtistMenu.swift */,
			);
			path = Artist;
			sourceTree = "<group>";
		};
		4FB79D4E2C24B85600A5B9F5 /* LargeButton */ = {
			isa = PBXGroup;
			children = (
				4FB79D4C2C2213AA00A5B9F5 /* LargePlayShuffleButtons.swift */,
				4F853B672BA7DA3C00721E59 /* LargeButton.swift */,
				4FB79D4F2C24B88C00A5B9F5 /* LargeMenu.swift */,
			);
			path = LargeButton;
			sourceTree = "<group>";
		};
		4FB79D5A2C26566A00A5B9F5 /* MediaArt */ = {
			isa = PBXGroup;
			children = (
				4FD48D0B2BB88B0900D06055 /* MediaArtView.swift */,
				4FB79D582C26566500A5B9F5 /* MediaArtEditor.swift */,
			);
			path = MediaArt;
			sourceTree = "<group>";
		};
		4FD48D0D2BB9293200D06055 /* Player */ = {
			isa = PBXGroup;
			children = (
				4FD48D212BBA6CF900D06055 /* PlayerScreen.swift */,
				4FD48D172BB92DBB00D06055 /* SongBar.swift */,
				4FD48D192BB9D19800D06055 /* SongBarWrapper.swift */,
				4FEE48862BCCF15A00F5BC86 /* Components */,
				4F019FA32C1143BD006E488A /* PlayerWrapper.swift */,
			);
			path = Player;
			sourceTree = "<group>";
		};
		4FD48D0E2BB9293B00D06055 /* Mixer */ = {
			isa = PBXGroup;
			children = (
				4FD48D152BB92CC400D06055 /* MixerScreen.swift */,
			);
			path = Mixer;
			sourceTree = "<group>";
		};
		4FD48D0F2BB9294400D06055 /* Settings */ = {
			isa = PBXGroup;
			children = (
				4F93BBC52C1021610076B4F2 /* UI */,
				4F93BBC02C0FB5220076B4F2 /* Transactions */,
				4FD48D112BB929A200D06055 /* SettingsScreen.swift */,
				4F93BBC12C0FB53E0076B4F2 /* Preferences.swift */,
				4FB79D5B2C266DD000A5B9F5 /* TagViewsScreen.swift */,
			);
			path = Settings;
			sourceTree = "<group>";
		};
		4FD48D102BB9298F00D06055 /* Search */ = {
			isa = PBXGroup;
			children = (
				4FD48D132BB92CAA00D06055 /* SearchScreen.swift */,
				4FCDB59D2C156F770016EF8C /* Searchable.swift */,
			);
			path = Search;
			sourceTree = "<group>";
		};
		4FEE48862BCCF15A00F5BC86 /* Components */ = {
			isa = PBXGroup;
			children = (
				4FEE48772BC3B1F500F5BC86 /* TimeSlider.swift */,
				4FEE487B2BCB2DC300F5BC86 /* PlayerControls.swift */,
				4FEE487D2BCB340500F5BC86 /* QueueControls.swift */,
				4FEE487F2BCB376D00F5BC86 /* PlayerHeader.swift */,
				4FEE48832BCC756E00F5BC86 /* PlayerArtView.swift */,
				4FEE488B2BCDB59000F5BC86 /* QueueList.swift */,
				4F539D6C2BD7288C00E12A40 /* QueueListButton.swift */,
			);
			path = Components;
			sourceTree = "<group>";
		};
/* End PBXGroup section */

/* Begin PBXNativeTarget section */
		4F04DCB42B74727D006114B3 /* Boomic */ = {
			isa = PBXNativeTarget;
			buildConfigurationList = 4F04DCDA2B74727F006114B3 /* Build configuration list for PBXNativeTarget "Boomic" */;
			buildPhases = (
				4F04DCB12B74727D006114B3 /* Sources */,
				4F04DCB22B74727D006114B3 /* Frameworks */,
				4F04DCB32B74727D006114B3 /* Resources */,
			);
			buildRules = (
			);
			dependencies = (
			);
			name = Boomic;
			packageProductDependencies = (
				4F04DCF82B74B77B006114B3 /* Models */,
				4F6135CF2B7AB3CC00AF825C /* Database */,
				4FB41E1F2BA6289000270496 /* DatabaseMocks */,
				4F853B7B2BAE30B400721E59 /* MediaFileKit */,
				4FD48D092BB3E2B800D06055 /* Repository */,
				4FD48D1D2BB9E8CC00D06055 /* MediaPlayerKit */,
				4F93BBC32C0FC28D0076B4F2 /* Storage */,
			);
			productName = Boomic;
			productReference = 4F04DCB52B74727D006114B3 /* Boomic.app */;
			productType = "com.apple.product-type.application";
		};
		4F04DCC52B74727F006114B3 /* BoomicTests */ = {
			isa = PBXNativeTarget;
			buildConfigurationList = 4F04DCDD2B74727F006114B3 /* Build configuration list for PBXNativeTarget "BoomicTests" */;
			buildPhases = (
				4F04DCC22B74727F006114B3 /* Sources */,
				4F04DCC32B74727F006114B3 /* Frameworks */,
				4F04DCC42B74727F006114B3 /* Resources */,
			);
			buildRules = (
			);
			dependencies = (
				4F04DCC82B74727F006114B3 /* PBXTargetDependency */,
			);
			name = BoomicTests;
			productName = BoomicTests;
			productReference = 4F04DCC62B74727F006114B3 /* BoomicTests.xctest */;
			productType = "com.apple.product-type.bundle.unit-test";
		};
		4F04DCCF2B74727F006114B3 /* BoomicUITests */ = {
			isa = PBXNativeTarget;
			buildConfigurationList = 4F04DCE02B74727F006114B3 /* Build configuration list for PBXNativeTarget "BoomicUITests" */;
			buildPhases = (
				4F04DCCC2B74727F006114B3 /* Sources */,
				4F04DCCD2B74727F006114B3 /* Frameworks */,
				4F04DCCE2B74727F006114B3 /* Resources */,
			);
			buildRules = (
			);
			dependencies = (
				4F04DCD22B74727F006114B3 /* PBXTargetDependency */,
			);
			name = BoomicUITests;
			productName = BoomicUITests;
			productReference = 4F04DCD02B74727F006114B3 /* BoomicUITests.xctest */;
			productType = "com.apple.product-type.bundle.ui-testing";
		};
/* End PBXNativeTarget section */

/* Begin PBXProject section */
		4F04DCAD2B74727D006114B3 /* Project object */ = {
			isa = PBXProject;
			attributes = {
				BuildIndependentTargetsInParallel = 1;
				LastSwiftUpdateCheck = 1520;
				LastUpgradeCheck = 1520;
				TargetAttributes = {
					4F04DCB42B74727D006114B3 = {
						CreatedOnToolsVersion = 15.2;
					};
					4F04DCC52B74727F006114B3 = {
						CreatedOnToolsVersion = 15.2;
						TestTargetID = 4F04DCB42B74727D006114B3;
					};
					4F04DCCF2B74727F006114B3 = {
						CreatedOnToolsVersion = 15.2;
						TestTargetID = 4F04DCB42B74727D006114B3;
					};
				};
			};
			buildConfigurationList = 4F04DCB02B74727D006114B3 /* Build configuration list for PBXProject "Boomic" */;
			compatibilityVersion = "Xcode 14.0";
			developmentRegion = en;
			hasScannedForEncodings = 0;
			knownRegions = (
				en,
				Base,
			);
			mainGroup = 4F04DCAC2B74727D006114B3;
			packageReferences = (
				4F04DCF72B74B77B006114B3 /* XCLocalSwiftPackageReference "Sources/Models" */,
				4F6135CE2B7AB3CC00AF825C /* XCLocalSwiftPackageReference "Sources/Database" */,
				4F853B7A2BAE30B400721E59 /* XCLocalSwiftPackageReference "Sources/MediaFileKit" */,
				4FD48D082BB3E2B800D06055 /* XCLocalSwiftPackageReference "Sources/Repository" */,
				4FD48D1C2BB9E8CC00D06055 /* XCLocalSwiftPackageReference "Sources/MediaPlayerKit" */,
			);
			productRefGroup = 4F04DCB62B74727D006114B3 /* Products */;
			projectDirPath = "";
			projectRoot = "";
			targets = (
				4F04DCB42B74727D006114B3 /* Boomic */,
				4F04DCC52B74727F006114B3 /* BoomicTests */,
				4F04DCCF2B74727F006114B3 /* BoomicUITests */,
			);
		};
/* End PBXProject section */

/* Begin PBXResourcesBuildPhase section */
		4F04DCB32B74727D006114B3 /* Resources */ = {
			isa = PBXResourcesBuildPhase;
			buildActionMask = 2147483647;
			files = (
				4F04DCC12B74727E006114B3 /* Preview Assets.xcassets in Resources */,
				4F04DCBD2B74727E006114B3 /* Assets.xcassets in Resources */,
			);
			runOnlyForDeploymentPostprocessing = 0;
		};
		4F04DCC42B74727F006114B3 /* Resources */ = {
			isa = PBXResourcesBuildPhase;
			buildActionMask = 2147483647;
			files = (
			);
			runOnlyForDeploymentPostprocessing = 0;
		};
		4F04DCCE2B74727F006114B3 /* Resources */ = {
			isa = PBXResourcesBuildPhase;
			buildActionMask = 2147483647;
			files = (
			);
			runOnlyForDeploymentPostprocessing = 0;
		};
/* End PBXResourcesBuildPhase section */

/* Begin PBXSourcesBuildPhase section */
		4F04DCB12B74727D006114B3 /* Sources */ = {
			isa = PBXSourcesBuildPhase;
			buildActionMask = 2147483647;
			files = (
				4F1EBC572C1A30FE00D0FFBF /* GridListSelectorBar.swift in Sources */,
				4F853B632BA76AA600721E59 /* ArtistScreen.swift in Sources */,
				4FD48D162BB92CC400D06055 /* MixerScreen.swift in Sources */,
				4FB79D5C2C266DD000A5B9F5 /* TagViewsScreen.swift in Sources */,
				4F1EBC4A2C17D5A400D0FFBF /* GridListEntry.swift in Sources */,
				4F853B612BA7669100721E59 /* PreviewMocks.swift in Sources */,
				4F853B5D2BA75D1100721E59 /* AllArtistsScreen.swift in Sources */,
				4F853B682BA7DA3C00721E59 /* LargeButton.swift in Sources */,
				4FB41E2A2BA67EF200270496 /* SongListEntry.swift in Sources */,
				4F1EBC5B2C1CAB1600D0FFBF /* AddDetailsScreen.swift in Sources */,
				4FEE487E2BCB340500F5BC86 /* QueueControls.swift in Sources */,
				4F04DCBB2B74727D006114B3 /* ContentView.swift in Sources */,
				4F93BBC92C1031A70076B4F2 /* LibraryPanelOrder.swift in Sources */,
				4FEE48842BCC756E00F5BC86 /* PlayerArtView.swift in Sources */,
				4F1EBC4E2C18E11300D0FFBF /* ArtistMenu.swift in Sources */,
				4F1EBC552C1A2C4300D0FFBF /* Selector.swift in Sources */,
				4FB41E222BA6444100270496 /* Environment.swift in Sources */,
				4F019FA42C1143BD006E488A /* PlayerWrapper.swift in Sources */,
				4F1EBC592C1A944600D0FFBF /* ShowAllSelections.swift in Sources */,
				4FEE487C2BCB2DC300F5BC86 /* PlayerControls.swift in Sources */,
				4FB41E1D2BA6247E00270496 /* AllAlbumsScreen.swift in Sources */,
				4F93BBCB2C1031B60076B4F2 /* TabOrder.swift in Sources */,
				4F019FA62C115633006E488A /* GridList.swift in Sources */,
				4F9FCE8E2C1E7A230063E65C /* AlbumUpdateSheet.swift in Sources */,
				4FB41E192BA6228600270496 /* LibraryScreen.swift in Sources */,
				4F1EBC522C19170A00D0FFBF /* SongUpdateSheet.swift in Sources */,
				4F853B6E2BA80C3D00721E59 /* AllSongsScreen.swift in Sources */,
				4FB79D522C24BAB400A5B9F5 /* TagEntryField.swift in Sources */,
				4F1EBC502C18E25C00D0FFBF /* AlbumMenu.swift in Sources */,
				4F9FCE922C1F48B80063E65C /* TagPill.swift in Sources */,
				4FD48D1A2BB9D19800D06055 /* SongBarWrapper.swift in Sources */,
				4FB79D542C24BAF700A5B9F5 /* TaglistBuilder.swift in Sources */,
				4FB41E282BA6637300270496 /* AlbumScreen.swift in Sources */,
				4F93BBC22C0FB53E0076B4F2 /* Preferences.swift in Sources */,
				4F1EBC4C2C17E13500D0FFBF /* SongGrid.swift in Sources */,
				4F019FA22C114368006E488A /* TabsScreen.swift in Sources */,
				4F019FAB2C1182C3006E488A /* GridListButtons.swift in Sources */,
				4FB79D502C24B88C00A5B9F5 /* LargeMenu.swift in Sources */,
				4FD48D0C2BB88B0900D06055 /* MediaArtView.swift in Sources */,
				4FCDB59A2C12E5910016EF8C /* TransactionAssertionsScreen.swift in Sources */,
				4F853B782BAA22D100721E59 /* DynamicGrid.swift in Sources */,
				4FD48D222BBA6CF900D06055 /* PlayerScreen.swift in Sources */,
				4FB79D4D2C2213AA00A5B9F5 /* LargePlayShuffleButtons.swift in Sources */,
				4F9A331A2BDF4FBD005A2EBD /* TransactionsList.swift in Sources */,
				4FD48D2B2BBB8B5800D06055 /* LibraryGridEntry.swift in Sources */,
				4F93BBC72C1021CD0076B4F2 /* AccentColorPicker.swift in Sources */,
				4FB79D592C26566500A5B9F5 /* MediaArtEditor.swift in Sources */,
				4FEE488A2BCD991700F5BC86 /* OptionalMatchedGeometryEffect.swift in Sources */,
				4F9FCE992C1FF7600063E65C /* TaglistScreen.swift in Sources */,
				4FD48D142BB92CAA00D06055 /* SearchScreen.swift in Sources */,
				4F539D6D2BD7288C00E12A40 /* QueueListButton.swift in Sources */,
				4FEE488C2BCDB59000F5BC86 /* QueueList.swift in Sources */,
				4FB41E262BA659E300270496 /* ViewConstants.swift in Sources */,
				4F04DCB92B74727D006114B3 /* BoomicApp.swift in Sources */,
				4FD48D122BB929A200D06055 /* SettingsScreen.swift in Sources */,
				4F539D672BD303BF00E12A40 /* SongMenu.swift in Sources */,
				4FEE48802BCB376D00F5BC86 /* PlayerHeader.swift in Sources */,
				4F539D6B2BD4B7E400E12A40 /* SongGoToMenu.swift in Sources */,
				4F9FCE8C2C1E79AF0063E65C /* UpdateSheetData.swift in Sources */,
				4FB79D562C262FF700A5B9F5 /* AlbumArtHeader.swift in Sources */,
				4F9FCE9B2C2079D10063E65C /* WrappingHStack.swift in Sources */,
				4F853B5F2BA7632E00721E59 /* ArtistGrid.swift in Sources */,
				4FD48D182BB92DBB00D06055 /* SongBar.swift in Sources */,
				4F853B722BA8926500721E59 /* AlbumGrid.swift in Sources */,
				4F9FCE902C1E7D010063E65C /* ArtistUpdateSheet.swift in Sources */,
				4F019FA92C115789006E488A /* GridListConfiguration.swift in Sources */,
				4F93BBBF2C0C3FCA0076B4F2 /* Navigator.swift in Sources */,
				4F9A33182BD898CA005A2EBD /* AnimatedButton.swift in Sources */,
				4FCDB59E2C156F770016EF8C /* Searchable.swift in Sources */,
				4FEE48782BC3B1F500F5BC86 /* TimeSlider.swift in Sources */,
				4FCDB59C2C1514D70016EF8C /* LibraryData.swift in Sources */,
				4FB79D492C2157BC00A5B9F5 /* AllTaglistsScreen.swift in Sources */,
				4FB79D4B2C21EC6900A5B9F5 /* TaglistMenu.swift in Sources */,
			);
			runOnlyForDeploymentPostprocessing = 0;
		};
		4F04DCC22B74727F006114B3 /* Sources */ = {
			isa = PBXSourcesBuildPhase;
			buildActionMask = 2147483647;
			files = (
				4F04DCCB2B74727F006114B3 /* BoomicTests.swift in Sources */,
			);
			runOnlyForDeploymentPostprocessing = 0;
		};
		4F04DCCC2B74727F006114B3 /* Sources */ = {
			isa = PBXSourcesBuildPhase;
			buildActionMask = 2147483647;
			files = (
				4F04DCD52B74727F006114B3 /* BoomicUITests.swift in Sources */,
				4F04DCD72B74727F006114B3 /* BoomicUITestsLaunchTests.swift in Sources */,
			);
			runOnlyForDeploymentPostprocessing = 0;
		};
/* End PBXSourcesBuildPhase section */

/* Begin PBXTargetDependency section */
		4F04DCC82B74727F006114B3 /* PBXTargetDependency */ = {
			isa = PBXTargetDependency;
			target = 4F04DCB42B74727D006114B3 /* Boomic */;
			targetProxy = 4F04DCC72B74727F006114B3 /* PBXContainerItemProxy */;
		};
		4F04DCD22B74727F006114B3 /* PBXTargetDependency */ = {
			isa = PBXTargetDependency;
			target = 4F04DCB42B74727D006114B3 /* Boomic */;
			targetProxy = 4F04DCD12B74727F006114B3 /* PBXContainerItemProxy */;
		};
/* End PBXTargetDependency section */

/* Begin XCBuildConfiguration section */
		4F04DCD82B74727F006114B3 /* Debug */ = {
			isa = XCBuildConfiguration;
			buildSettings = {
				ALWAYS_SEARCH_USER_PATHS = NO;
				ASSETCATALOG_COMPILER_GENERATE_SWIFT_ASSET_SYMBOL_EXTENSIONS = YES;
				CLANG_ANALYZER_NONNULL = YES;
				CLANG_ANALYZER_NUMBER_OBJECT_CONVERSION = YES_AGGRESSIVE;
				CLANG_CXX_LANGUAGE_STANDARD = "gnu++20";
				CLANG_ENABLE_MODULES = YES;
				CLANG_ENABLE_OBJC_ARC = YES;
				CLANG_ENABLE_OBJC_WEAK = YES;
				CLANG_WARN_BLOCK_CAPTURE_AUTORELEASING = YES;
				CLANG_WARN_BOOL_CONVERSION = YES;
				CLANG_WARN_COMMA = YES;
				CLANG_WARN_CONSTANT_CONVERSION = YES;
				CLANG_WARN_DEPRECATED_OBJC_IMPLEMENTATIONS = YES;
				CLANG_WARN_DIRECT_OBJC_ISA_USAGE = YES_ERROR;
				CLANG_WARN_DOCUMENTATION_COMMENTS = YES;
				CLANG_WARN_EMPTY_BODY = YES;
				CLANG_WARN_ENUM_CONVERSION = YES;
				CLANG_WARN_INFINITE_RECURSION = YES;
				CLANG_WARN_INT_CONVERSION = YES;
				CLANG_WARN_NON_LITERAL_NULL_CONVERSION = YES;
				CLANG_WARN_OBJC_IMPLICIT_RETAIN_SELF = YES;
				CLANG_WARN_OBJC_LITERAL_CONVERSION = YES;
				CLANG_WARN_OBJC_ROOT_CLASS = YES_ERROR;
				CLANG_WARN_QUOTED_INCLUDE_IN_FRAMEWORK_HEADER = YES;
				CLANG_WARN_RANGE_LOOP_ANALYSIS = YES;
				CLANG_WARN_STRICT_PROTOTYPES = YES;
				CLANG_WARN_SUSPICIOUS_MOVE = YES;
				CLANG_WARN_UNGUARDED_AVAILABILITY = YES_AGGRESSIVE;
				CLANG_WARN_UNREACHABLE_CODE = YES;
				CLANG_WARN__DUPLICATE_METHOD_MATCH = YES;
				COPY_PHASE_STRIP = NO;
				DEBUG_INFORMATION_FORMAT = dwarf;
				ENABLE_STRICT_OBJC_MSGSEND = YES;
				ENABLE_TESTABILITY = YES;
				ENABLE_USER_SCRIPT_SANDBOXING = YES;
				GCC_C_LANGUAGE_STANDARD = gnu17;
				GCC_DYNAMIC_NO_PIC = NO;
				GCC_NO_COMMON_BLOCKS = YES;
				GCC_OPTIMIZATION_LEVEL = 0;
				GCC_PREPROCESSOR_DEFINITIONS = (
					"DEBUG=1",
					"$(inherited)",
				);
				GCC_WARN_64_TO_32_BIT_CONVERSION = YES;
				GCC_WARN_ABOUT_RETURN_TYPE = YES_ERROR;
				GCC_WARN_UNDECLARED_SELECTOR = YES;
				GCC_WARN_UNINITIALIZED_AUTOS = YES_AGGRESSIVE;
				GCC_WARN_UNUSED_FUNCTION = YES;
				GCC_WARN_UNUSED_VARIABLE = YES;
				INFOPLIST_KEY_UISupportedInterfaceOrientations = "";
				LOCALIZATION_PREFERS_STRING_CATALOGS = YES;
				MTL_ENABLE_DEBUG_INFO = INCLUDE_SOURCE;
				MTL_FAST_MATH = YES;
				ONLY_ACTIVE_ARCH = YES;
				SWIFT_ACTIVE_COMPILATION_CONDITIONS = "DEBUG $(inherited)";
				SWIFT_OPTIMIZATION_LEVEL = "-Onone";
			};
			name = Debug;
		};
		4F04DCD92B74727F006114B3 /* Release */ = {
			isa = XCBuildConfiguration;
			buildSettings = {
				ALWAYS_SEARCH_USER_PATHS = NO;
				ASSETCATALOG_COMPILER_GENERATE_SWIFT_ASSET_SYMBOL_EXTENSIONS = YES;
				CLANG_ANALYZER_NONNULL = YES;
				CLANG_ANALYZER_NUMBER_OBJECT_CONVERSION = YES_AGGRESSIVE;
				CLANG_CXX_LANGUAGE_STANDARD = "gnu++20";
				CLANG_ENABLE_MODULES = YES;
				CLANG_ENABLE_OBJC_ARC = YES;
				CLANG_ENABLE_OBJC_WEAK = YES;
				CLANG_WARN_BLOCK_CAPTURE_AUTORELEASING = YES;
				CLANG_WARN_BOOL_CONVERSION = YES;
				CLANG_WARN_COMMA = YES;
				CLANG_WARN_CONSTANT_CONVERSION = YES;
				CLANG_WARN_DEPRECATED_OBJC_IMPLEMENTATIONS = YES;
				CLANG_WARN_DIRECT_OBJC_ISA_USAGE = YES_ERROR;
				CLANG_WARN_DOCUMENTATION_COMMENTS = YES;
				CLANG_WARN_EMPTY_BODY = YES;
				CLANG_WARN_ENUM_CONVERSION = YES;
				CLANG_WARN_INFINITE_RECURSION = YES;
				CLANG_WARN_INT_CONVERSION = YES;
				CLANG_WARN_NON_LITERAL_NULL_CONVERSION = YES;
				CLANG_WARN_OBJC_IMPLICIT_RETAIN_SELF = YES;
				CLANG_WARN_OBJC_LITERAL_CONVERSION = YES;
				CLANG_WARN_OBJC_ROOT_CLASS = YES_ERROR;
				CLANG_WARN_QUOTED_INCLUDE_IN_FRAMEWORK_HEADER = YES;
				CLANG_WARN_RANGE_LOOP_ANALYSIS = YES;
				CLANG_WARN_STRICT_PROTOTYPES = YES;
				CLANG_WARN_SUSPICIOUS_MOVE = YES;
				CLANG_WARN_UNGUARDED_AVAILABILITY = YES_AGGRESSIVE;
				CLANG_WARN_UNREACHABLE_CODE = YES;
				CLANG_WARN__DUPLICATE_METHOD_MATCH = YES;
				COPY_PHASE_STRIP = NO;
				DEBUG_INFORMATION_FORMAT = "dwarf-with-dsym";
				ENABLE_NS_ASSERTIONS = NO;
				ENABLE_STRICT_OBJC_MSGSEND = YES;
				ENABLE_USER_SCRIPT_SANDBOXING = YES;
				GCC_C_LANGUAGE_STANDARD = gnu17;
				GCC_NO_COMMON_BLOCKS = YES;
				GCC_WARN_64_TO_32_BIT_CONVERSION = YES;
				GCC_WARN_ABOUT_RETURN_TYPE = YES_ERROR;
				GCC_WARN_UNDECLARED_SELECTOR = YES;
				GCC_WARN_UNINITIALIZED_AUTOS = YES_AGGRESSIVE;
				GCC_WARN_UNUSED_FUNCTION = YES;
				GCC_WARN_UNUSED_VARIABLE = YES;
				INFOPLIST_KEY_UISupportedInterfaceOrientations = "";
				LOCALIZATION_PREFERS_STRING_CATALOGS = YES;
				MTL_ENABLE_DEBUG_INFO = NO;
				MTL_FAST_MATH = YES;
				SWIFT_COMPILATION_MODE = wholemodule;
			};
			name = Release;
		};
		4F04DCDB2B74727F006114B3 /* Debug */ = {
			isa = XCBuildConfiguration;
			buildSettings = {
				ASSETCATALOG_COMPILER_APPICON_NAME = AppIcon;
				ASSETCATALOG_COMPILER_GLOBAL_ACCENT_COLOR_NAME = AccentColor;
				CODE_SIGN_ENTITLEMENTS = Boomic/Boomic.entitlements;
				CODE_SIGN_STYLE = Automatic;
				CURRENT_PROJECT_VERSION = 1;
				DEVELOPMENT_ASSET_PATHS = "\"Boomic/Preview Content\"";
				DEVELOPMENT_TEAM = Q9B7SPU3TM;
				ENABLE_HARDENED_RUNTIME = YES;
				ENABLE_PREVIEWS = YES;
				GENERATE_INFOPLIST_FILE = YES;
				INFOPLIST_FILE = Boomic/Info.plist;
				INFOPLIST_KEY_LSSupportsOpeningDocumentsInPlace = YES;
				"INFOPLIST_KEY_UIApplicationSceneManifest_Generation[sdk=iphoneos*]" = YES;
				"INFOPLIST_KEY_UIApplicationSceneManifest_Generation[sdk=iphonesimulator*]" = YES;
				"INFOPLIST_KEY_UIApplicationSupportsIndirectInputEvents[sdk=iphoneos*]" = YES;
				"INFOPLIST_KEY_UIApplicationSupportsIndirectInputEvents[sdk=iphonesimulator*]" = YES;
				"INFOPLIST_KEY_UILaunchScreen_Generation[sdk=iphoneos*]" = YES;
				"INFOPLIST_KEY_UILaunchScreen_Generation[sdk=iphonesimulator*]" = YES;
				"INFOPLIST_KEY_UIStatusBarStyle[sdk=iphoneos*]" = UIStatusBarStyleDefault;
				"INFOPLIST_KEY_UIStatusBarStyle[sdk=iphonesimulator*]" = UIStatusBarStyleDefault;
				INFOPLIST_KEY_UISupportedInterfaceOrientations_iPad = "UIInterfaceOrientationPortrait UIInterfaceOrientationPortraitUpsideDown UIInterfaceOrientationLandscapeLeft UIInterfaceOrientationLandscapeRight";
				INFOPLIST_KEY_UISupportedInterfaceOrientations_iPhone = UIInterfaceOrientationPortrait;
				INFOPLIST_KEY_UISupportsDocumentBrowser = NO;
				IPHONEOS_DEPLOYMENT_TARGET = 17.2;
				LD_RUNPATH_SEARCH_PATHS = "@executable_path/Frameworks";
				"LD_RUNPATH_SEARCH_PATHS[sdk=macosx*]" = "@executable_path/../Frameworks";
				MACOSX_DEPLOYMENT_TARGET = 14.2;
				MARKETING_VERSION = 1.0;
				PRODUCT_BUNDLE_IDENTIFIER = dev.yssw.Boomic;
				PRODUCT_NAME = "$(TARGET_NAME)";
				SDKROOT = auto;
				SUPPORTED_PLATFORMS = "iphoneos iphonesimulator macosx";
				SWIFT_EMIT_LOC_STRINGS = YES;
				SWIFT_VERSION = 5.0;
				TARGETED_DEVICE_FAMILY = "1,2";
			};
			name = Debug;
		};
		4F04DCDC2B74727F006114B3 /* Release */ = {
			isa = XCBuildConfiguration;
			buildSettings = {
				ASSETCATALOG_COMPILER_APPICON_NAME = AppIcon;
				ASSETCATALOG_COMPILER_GLOBAL_ACCENT_COLOR_NAME = AccentColor;
				CODE_SIGN_ENTITLEMENTS = Boomic/Boomic.entitlements;
				CODE_SIGN_STYLE = Automatic;
				CURRENT_PROJECT_VERSION = 1;
				DEVELOPMENT_ASSET_PATHS = "\"Boomic/Preview Content\"";
				DEVELOPMENT_TEAM = Q9B7SPU3TM;
				ENABLE_HARDENED_RUNTIME = YES;
				ENABLE_PREVIEWS = YES;
				GENERATE_INFOPLIST_FILE = YES;
				INFOPLIST_FILE = Boomic/Info.plist;
				INFOPLIST_KEY_LSSupportsOpeningDocumentsInPlace = YES;
				"INFOPLIST_KEY_UIApplicationSceneManifest_Generation[sdk=iphoneos*]" = YES;
				"INFOPLIST_KEY_UIApplicationSceneManifest_Generation[sdk=iphonesimulator*]" = YES;
				"INFOPLIST_KEY_UIApplicationSupportsIndirectInputEvents[sdk=iphoneos*]" = YES;
				"INFOPLIST_KEY_UIApplicationSupportsIndirectInputEvents[sdk=iphonesimulator*]" = YES;
				"INFOPLIST_KEY_UILaunchScreen_Generation[sdk=iphoneos*]" = YES;
				"INFOPLIST_KEY_UILaunchScreen_Generation[sdk=iphonesimulator*]" = YES;
				"INFOPLIST_KEY_UIStatusBarStyle[sdk=iphoneos*]" = UIStatusBarStyleDefault;
				"INFOPLIST_KEY_UIStatusBarStyle[sdk=iphonesimulator*]" = UIStatusBarStyleDefault;
				INFOPLIST_KEY_UISupportedInterfaceOrientations_iPad = "UIInterfaceOrientationPortrait UIInterfaceOrientationPortraitUpsideDown UIInterfaceOrientationLandscapeLeft UIInterfaceOrientationLandscapeRight";
				INFOPLIST_KEY_UISupportedInterfaceOrientations_iPhone = UIInterfaceOrientationPortrait;
				INFOPLIST_KEY_UISupportsDocumentBrowser = NO;
				IPHONEOS_DEPLOYMENT_TARGET = 17.2;
				LD_RUNPATH_SEARCH_PATHS = "@executable_path/Frameworks";
				"LD_RUNPATH_SEARCH_PATHS[sdk=macosx*]" = "@executable_path/../Frameworks";
				MACOSX_DEPLOYMENT_TARGET = 14.2;
				MARKETING_VERSION = 1.0;
				PRODUCT_BUNDLE_IDENTIFIER = dev.yssw.Boomic;
				PRODUCT_NAME = "$(TARGET_NAME)";
				SDKROOT = auto;
				SUPPORTED_PLATFORMS = "iphoneos iphonesimulator macosx";
				SWIFT_EMIT_LOC_STRINGS = YES;
				SWIFT_VERSION = 5.0;
				TARGETED_DEVICE_FAMILY = "1,2";
			};
			name = Release;
		};
		4F04DCDE2B74727F006114B3 /* Debug */ = {
			isa = XCBuildConfiguration;
			buildSettings = {
				ALWAYS_EMBED_SWIFT_STANDARD_LIBRARIES = YES;
				BUNDLE_LOADER = "$(TEST_HOST)";
				CODE_SIGN_STYLE = Automatic;
				CURRENT_PROJECT_VERSION = 1;
				DEVELOPMENT_TEAM = Q9B7SPU3TM;
				GENERATE_INFOPLIST_FILE = YES;
				IPHONEOS_DEPLOYMENT_TARGET = 17.2;
				MACOSX_DEPLOYMENT_TARGET = 14.2;
				MARKETING_VERSION = 1.0;
				PRODUCT_BUNDLE_IDENTIFIER = dev.yssw.BoomicTests;
				PRODUCT_NAME = "$(TARGET_NAME)";
				SDKROOT = auto;
				SUPPORTED_PLATFORMS = "iphoneos iphonesimulator macosx";
				SWIFT_EMIT_LOC_STRINGS = NO;
				SWIFT_VERSION = 5.0;
				TARGETED_DEVICE_FAMILY = "1,2";
				TEST_HOST = "$(BUILT_PRODUCTS_DIR)/Boomic.app/$(BUNDLE_EXECUTABLE_FOLDER_PATH)/Boomic";
			};
			name = Debug;
		};
		4F04DCDF2B74727F006114B3 /* Release */ = {
			isa = XCBuildConfiguration;
			buildSettings = {
				ALWAYS_EMBED_SWIFT_STANDARD_LIBRARIES = YES;
				BUNDLE_LOADER = "$(TEST_HOST)";
				CODE_SIGN_STYLE = Automatic;
				CURRENT_PROJECT_VERSION = 1;
				DEVELOPMENT_TEAM = Q9B7SPU3TM;
				GENERATE_INFOPLIST_FILE = YES;
				IPHONEOS_DEPLOYMENT_TARGET = 17.2;
				MACOSX_DEPLOYMENT_TARGET = 14.2;
				MARKETING_VERSION = 1.0;
				PRODUCT_BUNDLE_IDENTIFIER = dev.yssw.BoomicTests;
				PRODUCT_NAME = "$(TARGET_NAME)";
				SDKROOT = auto;
				SUPPORTED_PLATFORMS = "iphoneos iphonesimulator macosx";
				SWIFT_EMIT_LOC_STRINGS = NO;
				SWIFT_VERSION = 5.0;
				TARGETED_DEVICE_FAMILY = "1,2";
				TEST_HOST = "$(BUILT_PRODUCTS_DIR)/Boomic.app/$(BUNDLE_EXECUTABLE_FOLDER_PATH)/Boomic";
			};
			name = Release;
		};
		4F04DCE12B74727F006114B3 /* Debug */ = {
			isa = XCBuildConfiguration;
			buildSettings = {
				ALWAYS_EMBED_SWIFT_STANDARD_LIBRARIES = YES;
				CODE_SIGN_STYLE = Automatic;
				CURRENT_PROJECT_VERSION = 1;
				DEVELOPMENT_TEAM = Q9B7SPU3TM;
				GENERATE_INFOPLIST_FILE = YES;
				IPHONEOS_DEPLOYMENT_TARGET = 17.2;
				MACOSX_DEPLOYMENT_TARGET = 14.2;
				MARKETING_VERSION = 1.0;
				PRODUCT_BUNDLE_IDENTIFIER = dev.yssw.BoomicUITests;
				PRODUCT_NAME = "$(TARGET_NAME)";
				SDKROOT = auto;
				SUPPORTED_PLATFORMS = "iphoneos iphonesimulator macosx";
				SWIFT_EMIT_LOC_STRINGS = NO;
				SWIFT_VERSION = 5.0;
				TARGETED_DEVICE_FAMILY = "1,2";
				TEST_TARGET_NAME = Boomic;
			};
			name = Debug;
		};
		4F04DCE22B74727F006114B3 /* Release */ = {
			isa = XCBuildConfiguration;
			buildSettings = {
				ALWAYS_EMBED_SWIFT_STANDARD_LIBRARIES = YES;
				CODE_SIGN_STYLE = Automatic;
				CURRENT_PROJECT_VERSION = 1;
				DEVELOPMENT_TEAM = Q9B7SPU3TM;
				GENERATE_INFOPLIST_FILE = YES;
				IPHONEOS_DEPLOYMENT_TARGET = 17.2;
				MACOSX_DEPLOYMENT_TARGET = 14.2;
				MARKETING_VERSION = 1.0;
				PRODUCT_BUNDLE_IDENTIFIER = dev.yssw.BoomicUITests;
				PRODUCT_NAME = "$(TARGET_NAME)";
				SDKROOT = auto;
				SUPPORTED_PLATFORMS = "iphoneos iphonesimulator macosx";
				SWIFT_EMIT_LOC_STRINGS = NO;
				SWIFT_VERSION = 5.0;
				TARGETED_DEVICE_FAMILY = "1,2";
				TEST_TARGET_NAME = Boomic;
			};
			name = Release;
		};
/* End XCBuildConfiguration section */

/* Begin XCConfigurationList section */
		4F04DCB02B74727D006114B3 /* Build configuration list for PBXProject "Boomic" */ = {
			isa = XCConfigurationList;
			buildConfigurations = (
				4F04DCD82B74727F006114B3 /* Debug */,
				4F04DCD92B74727F006114B3 /* Release */,
			);
			defaultConfigurationIsVisible = 0;
			defaultConfigurationName = Release;
		};
		4F04DCDA2B74727F006114B3 /* Build configuration list for PBXNativeTarget "Boomic" */ = {
			isa = XCConfigurationList;
			buildConfigurations = (
				4F04DCDB2B74727F006114B3 /* Debug */,
				4F04DCDC2B74727F006114B3 /* Release */,
			);
			defaultConfigurationIsVisible = 0;
			defaultConfigurationName = Release;
		};
		4F04DCDD2B74727F006114B3 /* Build configuration list for PBXNativeTarget "BoomicTests" */ = {
			isa = XCConfigurationList;
			buildConfigurations = (
				4F04DCDE2B74727F006114B3 /* Debug */,
				4F04DCDF2B74727F006114B3 /* Release */,
			);
			defaultConfigurationIsVisible = 0;
			defaultConfigurationName = Release;
		};
		4F04DCE02B74727F006114B3 /* Build configuration list for PBXNativeTarget "BoomicUITests" */ = {
			isa = XCConfigurationList;
			buildConfigurations = (
				4F04DCE12B74727F006114B3 /* Debug */,
				4F04DCE22B74727F006114B3 /* Release */,
			);
			defaultConfigurationIsVisible = 0;
			defaultConfigurationName = Release;
		};
/* End XCConfigurationList section */

/* Begin XCLocalSwiftPackageReference section */
		4F04DCF72B74B77B006114B3 /* XCLocalSwiftPackageReference "Sources/Models" */ = {
			isa = XCLocalSwiftPackageReference;
			relativePath = Sources/Models;
		};
		4F6135CE2B7AB3CC00AF825C /* XCLocalSwiftPackageReference "Sources/Database" */ = {
			isa = XCLocalSwiftPackageReference;
			relativePath = Sources/Database;
		};
		4F853B7A2BAE30B400721E59 /* XCLocalSwiftPackageReference "Sources/MediaFileKit" */ = {
			isa = XCLocalSwiftPackageReference;
			relativePath = Sources/MediaFileKit;
		};
		4FD48D082BB3E2B800D06055 /* XCLocalSwiftPackageReference "Sources/Repository" */ = {
			isa = XCLocalSwiftPackageReference;
			relativePath = Sources/Repository;
		};
		4FD48D1C2BB9E8CC00D06055 /* XCLocalSwiftPackageReference "Sources/MediaPlayerKit" */ = {
			isa = XCLocalSwiftPackageReference;
			relativePath = Sources/MediaPlayerKit;
		};
/* End XCLocalSwiftPackageReference section */

/* Begin XCSwiftPackageProductDependency section */
		4F04DCF82B74B77B006114B3 /* Models */ = {
			isa = XCSwiftPackageProductDependency;
			productName = Models;
		};
		4F6135CF2B7AB3CC00AF825C /* Database */ = {
			isa = XCSwiftPackageProductDependency;
			productName = Database;
		};
		4F853B7B2BAE30B400721E59 /* MediaFileKit */ = {
			isa = XCSwiftPackageProductDependency;
			productName = MediaFileKit;
		};
		4F93BBC32C0FC28D0076B4F2 /* Storage */ = {
			isa = XCSwiftPackageProductDependency;
			package = 4F6135CE2B7AB3CC00AF825C /* XCLocalSwiftPackageReference "Sources/Database" */;
			productName = Storage;
		};
		4FB41E1F2BA6289000270496 /* DatabaseMocks */ = {
			isa = XCSwiftPackageProductDependency;
			productName = DatabaseMocks;
		};
		4FD48D092BB3E2B800D06055 /* Repository */ = {
			isa = XCSwiftPackageProductDependency;
			productName = Repository;
		};
		4FD48D1D2BB9E8CC00D06055 /* MediaPlayerKit */ = {
			isa = XCSwiftPackageProductDependency;
			productName = MediaPlayerKit;
		};
/* End XCSwiftPackageProductDependency section */
	};
	rootObject = 4F04DCAD2B74727D006114B3 /* Project object */;
}
